# This file is autogenerated, do not edit; changes may be undone by the next 'dep ensure'.


[[projects]]
  digest = "1:501e71a59e33fb50fd380936b0bcf2428bf1a5b2c8ee2bc9692d0bcd2fa27100"
  name = "github.com/DataDog/datadog-go"
  packages = ["statsd"]
  pruneopts = "UT"
  revision = "fe52ec28ccebb49890429b2bf4fc27b18337dd26"
  version = "v3.3.0"

[[projects]]
  digest = "1:28ad7c4fdfaee2a467d18fd5aab817d139fbd63088d1e0bd283906806e9ffebe"
  name = "github.com/aymerick/douceur"
  packages = [
    "css",
    "parser",
  ]
  pruneopts = "UT"
  revision = "c5c95ec357c8235fbd7f34e8c843d36783f3fad9"
  version = "v0.2.0"

[[projects]]
  digest = "1:652880afc6b57ce0a67173f552cb35ccda816493a1da6ca20e5074a66bcd083f"
  name = "github.com/buaazp/fasthttprouter"
  packages = ["."]
  pruneopts = "UT"
  revision = "ade4e2031af3aed7fffd241084aad80a58faf421"
  version = "v0.1.1"

[[projects]]
  digest = "1:fed1f537c2f1269fe475a8556c393fe466641682d73ef8fd0491cd3aa1e47bad"
  name = "github.com/certifi/gocertifi"
  packages = ["."]
  pruneopts = "UT"
  revision = "deb3ae2ef2610fde3330947281941c562861188b"
  version = "2018.01.18"

[[projects]]
  digest = "1:d18f6f088d7d8365df47f49dfa24b6ff6701a941118ffda30c589d1bd954074b"
  name = "github.com/getsentry/raven-go"
  packages = ["."]
  pruneopts = "UT"
  revision = "f04e7487e9a6b9d9837d52743fb5f40576c56411"
  version = "v0.2.0"

[[projects]]
  digest = "1:ec6f9bf5e274c833c911923c9193867f3f18788c461f76f05f62bb1510e0ae65"
  name = "github.com/go-sql-driver/mysql"
  packages = ["."]
  pruneopts = "UT"
  revision = "72cd26f257d44c1114970e19afddcd812016007e"
  version = "v1.4.1"

[[projects]]
  digest = "1:fc51ecee8f31d03436c1a0167eb1e383ad0a241d02272541853f3995374a08f1"
  name = "github.com/gorilla/css"
  packages = ["scanner"]
  pruneopts = "UT"
  revision = "398b0b046082ecb3694c01bec6b336a06a4e530a"
  version = "v1.0.0"

[[projects]]
  digest = "1:6c41d4f998a03b6604227ccad36edaed6126c397e5d78709ef4814a1145a6757"
  name = "github.com/jmoiron/sqlx"
  packages = [
    ".",
    "reflectx",
  ]
  pruneopts = "UT"
  revision = "d161d7a76b5661016ad0b085869f77fd410f3e6a"
  version = "v1.2.0"

[[projects]]
  digest = "1:1a27a67993fd9ad63a5e04b49a9cacd32e4d3efdf44223749410c1e02bb53011"
  name = "github.com/klauspost/compress"
  packages = [
    "flate",
    "gzip",
    "zlib",
  ]
  pruneopts = "UT"
  revision = "34ae9022f399c99bedd94a92973abf11d6be6f98"
  version = "v1.9.3"

[[projects]]
  branch = "master"
  digest = "1:5e128d3e8e8c2748d7465306c63a5758910a26f9896a31b94c5f6f2e1e40968b"
  name = "github.com/leavengood/websocket"
  packages = ["."]
  pruneopts = "UT"
  revision = "470559ebf58e05eb72622724e17269a20de5cd39"

[[projects]]
  digest = "1:cf31692c14422fa27c83a05292eb5cbe0fb2775972e8f1f8446a71549bd8980b"
  name = "github.com/pkg/errors"
  packages = ["."]
  pruneopts = "UT"
  revision = "ba968bfe8b2f7e042a574c888954fccecfa385b4"
  version = "v0.8.1"

[[projects]]
  branch = "master"
  digest = "1:7f8434843a1d2782a7e853efc6aa9499effc1b9a83ea51e76df53cc2ad51b5ef"
  name = "github.com/rcrowley/goagain"
  packages = ["."]
  pruneopts = "UT"
  revision = "f2f192b5d1a96e21dd4026ce67cda85e49659a48"

[[projects]]
  branch = "master"
  digest = "1:efa124a0ca36a35cc1a1b472cb0fa2be1e7d9fd1db0f8bc9a042e42e4c6405aa"
  name = "github.com/serenize/snaker"
  packages = ["."]
  pruneopts = "UT"
  revision = "a683aaf2d516deecd70cad0c72e3ca773ecfcef0"

[[projects]]
  digest = "1:294fb6c1769d6a765ad0f1fb7c0023450aac6a334a485930660d0316fe0d8fd3"
  name = "github.com/thehowl/conf"
  packages = ["."]
  pruneopts = "UT"
  revision = "bdfc17531a7482dc9e141141b94d9fbae1d066a3"
  version = "0.1.1"

[[projects]]
  digest = "1:1e107b479ca2dc586b80b34a2392e3b36bca3df6807ff108e56e3c94b1bc83ea"
  name = "github.com/thehowl/go-osuapi"
  packages = ["."]
  pruneopts = "UT"
  revision = "b918f5da725805d82655d6c402eb3fc0517c072f"
  version = "1.1.2"

[[projects]]
  digest = "1:c468422f334a6b46a19448ad59aaffdfc0a36b08fdcc1c749a0b29b6453d7e59"
  name = "github.com/valyala/bytebufferpool"
  packages = ["."]
  pruneopts = "UT"
  revision = "e746df99fe4a3986f4d4f79e13c1e0117ce9c2f7"
  version = "v1.0.0"

[[projects]]
  digest = "1:15ad8a80098fcc7a194b9db6b26d74072a852e4faa957848c8118193d3c69230"
  name = "github.com/valyala/fasthttp"
  packages = [
    ".",
    "fasthttputil",
    "stackless",
  ]
  pruneopts = "UT"
  revision = "e5f51c11919d4f66400334047b897ef0a94c6f3c"
  version = "v20180529"

[[projects]]
  digest = "1:c25289f43ac4a68d88b02245742347c94f1e108c534dda442188015ff80669b3"
  name = "google.golang.org/appengine"
  packages = ["cloudsql"]
  pruneopts = "UT"
  revision = "971852bfffca25b069c31162ae8f247a3dba083b"
  version = "v1.6.5"

[[projects]]
  digest = "1:e5a1379b4f0cad2aabd75580598c3b8e19a027e8eed806e7b76b0ec949df4599"
  name = "gopkg.in/redis.v5"
  packages = [
    ".",
    "internal",
    "internal/consistenthash",
    "internal/hashtag",
    "internal/pool",
    "internal/proto",
  ]
  pruneopts = "UT"
  revision = "a16aeec10ff407b1e7be6dd35797ccf5426ef0f0"
  version = "v5.2.9"

[[projects]]
  digest = "1:1e107b479ca2dc586b80b34a2392e3b36bca3df6807ff108e56e3c94b1bc83ea"
  name = "gopkg.in/thehowl/go-osuapi.v1"
  packages = ["."]
  pruneopts = "UT"
  revision = "b918f5da725805d82655d6c402eb3fc0517c072f"
  version = "1.1.2"

[[projects]]
  branch = "master"
  digest = "1:73211ebca467c77e4ccabeb0e6c58dedf827811e049c98d35095d9792eb116ae"
  name = "zxq.co/ripple/agplwarning"
  packages = ["."]
  pruneopts = "UT"
  revision = "bd4406595c7e785e35fbfb2c6460a1f39822884e"

[[projects]]
  branch = "master"
  digest = "1:90bece8c080cba3eab48388ba7ea0c662abb1d1793461b6c1e46f5ea89e27dfd"
  name = "zxq.co/ripple/ocl"
  packages = ["."]
  pruneopts = "UT"
  revision = "ba6c1b2f78854277a1846183097cd4cce2f5d92d"

[[projects]]
  branch = "master"
  digest = "1:e288ff861af68ced99a09e58b662cd5932bb4734d56e293f206b84fdd52baa4a"
  name = "zxq.co/ripple/semantic-icons-ugc"
  packages = ["."]
  pruneopts = "UT"
  revision = "87f54f9a60d6ab9f40e2ba26577f0ed5d2abf940"

[[projects]]
  branch = "master"
  digest = "1:ebf1f166cd557d8d88dfa189f24c11c2c214141a0fe18d177f4ae2aa9085f7aa"
  name = "zxq.co/x/getrank"
  packages = ["."]
  pruneopts = "UT"
  revision = "97d2823cf77de9e0c95e89485df768518b6262a9"

[solve-meta]
  analyzer-name = "dep"
  analyzer-version = 1
  input-imports = [
    "github.com/DataDog/datadog-go/statsd",
    "github.com/buaazp/fasthttprouter",
    "github.com/getsentry/raven-go",
    "github.com/go-sql-driver/mysql",
    "github.com/jmoiron/sqlx",
    "github.com/leavengood/websocket",
    "github.com/rcrowley/goagain",
    "github.com/serenize/snaker",
    "github.com/thehowl/conf",
    "github.com/thehowl/go-osuapi",
    "github.com/valyala/fasthttp",
    "gopkg.in/redis.v5",
    "gopkg.in/thehowl/go-osuapi.v1",
    "zxq.co/ripple/agplwarning",
    "zxq.co/ripple/ocl",
    "zxq.co/ripple/semantic-icons-ugc",
    "zxq.co/x/getrank",
  ]
  solver-name = "gps-cdcl"
  solver-version = 1
